
Microsoft Visual Studio Solution File, Format Version 11.00
# Visual Studio 2010
Project("{FAE04EC0-301F-11D3-BF4B-00C04F79EFBC}") = "test8", "test8.csproj", "{B257A403-B6B7-4D23-A175-21E533DE7EBC}"
EndProject
Global
	GlobalSection(SolutionConfigurationPlatforms) = preSolution
		Debug|x86 = Debug|x86
		Release|x86 = Release|x86
	EndGlobalSection
	GlobalSection(ProjectConfigurationPlatforms) = postSolution
		{B257A403-B6B7-4D23-A175-21E533DE7EBC}.Debug|x86.ActiveCfg = Debug|x86
		{B257A403-B6B7-4D23-A175-21E533DE7EBC}.Debug|x86.Build.0 = Debug|x86
		{B257A403-B6B7-4D23-A175-21E533DE7EBC}.Release|x86.ActiveCfg = Release|x86
		{B257A403-B6B7-4D23-A175-21E533DE7EBC}.Release|x86.Build.0 = Release|x86
	EndGlobalSection
	GlobalSection(SolutionProperties) = preSolution
		HideSolutionNode = FALSE
	EndGlobalSection
EndGlobal
